// !$*UTF8*$!
{
	archiveVersion = 1;
	classes = {
	};
	objectVersion = 48;
	objects = {

/* Begin PBXBuildFile section */
		01232D1D1FB2DFEA00F431EC /* NSNumber+BPDecimalNumber.m in Sources */ = {isa = PBXBuildFile; fileRef = 01232D1C1FB2DFEA00F431EC /* NSNumber+BPDecimalNumber.m */; };
		01232D241FB3ED0B00F431EC /* UIView+BPScreenshot.m in Sources */ = {isa = PBXBuildFile; fileRef = 01232D231FB3ED0B00F431EC /* UIView+BPScreenshot.m */; };
		014995301FB4945700077866 /* BaseModel.m in Sources */ = {isa = PBXBuildFile; fileRef = 0149952F1FB4945700077866 /* BaseModel.m */; };
		014995331FB494D800077866 /* BPBaseTableView.m in Sources */ = {isa = PBXBuildFile; fileRef = 014995321FB494D800077866 /* BPBaseTableView.m */; };
		0149953A1FB4A3D600077866 /* BPRootTabBarController.m in Sources */ = {isa = PBXBuildFile; fileRef = 014995381FB4A3D500077866 /* BPRootTabBarController.m */; };
		0149953D1FB4A3F900077866 /* BPRootNavigationController.m in Sources */ = {isa = PBXBuildFile; fileRef = 0149953C1FB4A3F900077866 /* BPRootNavigationController.m */; };
		0149955B1FB4A48C00077866 /* BPXRZViewController.xib in Resources */ = {isa = PBXBuildFile; fileRef = 014995581FB4A48B00077866 /* BPXRZViewController.xib */; };
		0149955C1FB4A48C00077866 /* BPXRZViewController.m in Sources */ = {isa = PBXBuildFile; fileRef = 0149955A1FB4A48C00077866 /* BPXRZViewController.m */; };
		0149955F1FB4A49500077866 /* BPMasterCatalogueModel.m in Sources */ = {isa = PBXBuildFile; fileRef = 0149955E1FB4A49500077866 /* BPMasterCatalogueModel.m */; };
		014995741FB4A52B00077866 /* BPZTViewController.m in Sources */ = {isa = PBXBuildFile; fileRef = 014995711FB4A52A00077866 /* BPZTViewController.m */; };
		014995751FB4A52B00077866 /* BPZTViewController.xib in Resources */ = {isa = PBXBuildFile; fileRef = 014995731FB4A52B00077866 /* BPZTViewController.xib */; };
		014995791FB4A53300077866 /* BPSYViewController.m in Sources */ = {isa = PBXBuildFile; fileRef = 014995771FB4A53200077866 /* BPSYViewController.m */; };
		0149957A1FB4A53300077866 /* BPSYViewController.xib in Resources */ = {isa = PBXBuildFile; fileRef = 014995781FB4A53300077866 /* BPSYViewController.xib */; };
		014995C01FB4A5F500077866 /* BPNaviAnimaViewController.m in Sources */ = {isa = PBXBuildFile; fileRef = 0149959D1FB4A5F400077866 /* BPNaviAnimaViewController.m */; };
		01733FD81FA974FB006192F0 /* Main.storyboard in Resources */ = {isa = PBXBuildFile; fileRef = 01733FD61FA974FB006192F0 /* Main.storyboard */; };
		01733FDA1FA974FB006192F0 /* Assets.xcassets in Resources */ = {isa = PBXBuildFile; fileRef = 01733FD91FA974FB006192F0 /* Assets.xcassets */; };
		01733FDD1FA974FB006192F0 /* LaunchScreen.storyboard in Resources */ = {isa = PBXBuildFile; fileRef = 01733FDB1FA974FB006192F0 /* LaunchScreen.storyboard */; };
		01733FE01FA974FB006192F0 /* main.m in Sources */ = {isa = PBXBuildFile; fileRef = 01733FDF1FA974FB006192F0 /* main.m */; };
		01733FEA1FA974FC006192F0 /* BaseProjectTests.m in Sources */ = {isa = PBXBuildFile; fileRef = 01733FE91FA974FC006192F0 /* BaseProjectTests.m */; };
		01733FF51FA974FC006192F0 /* BaseProjectUITests.m in Sources */ = {isa = PBXBuildFile; fileRef = 01733FF41FA974FC006192F0 /* BaseProjectUITests.m */; };
		0173401C1FA9753F006192F0 /* BPAppDelegate.m in Sources */ = {isa = PBXBuildFile; fileRef = 017340051FA9753F006192F0 /* BPAppDelegate.m */; };
		0173401D1FA9753F006192F0 /* BPBaseNavigationController.m in Sources */ = {isa = PBXBuildFile; fileRef = 0173400B1FA9753F006192F0 /* BPBaseNavigationController.m */; };
		0173401E1FA9753F006192F0 /* BPBaseViewController.m in Sources */ = {isa = PBXBuildFile; fileRef = 0173400E1FA9753F006192F0 /* BPBaseViewController.m */; };
		0173401F1FA9753F006192F0 /* BPBaseTabBarController.m in Sources */ = {isa = PBXBuildFile; fileRef = 017340121FA9753F006192F0 /* BPBaseTabBarController.m */; };
		01ADC1F61FB492C1009150F0 /* BPBaseTableViewCell.m in Sources */ = {isa = PBXBuildFile; fileRef = 01ADC1F51FB492C1009150F0 /* BPBaseTableViewCell.m */; };
		01ADC1F91FB492D8009150F0 /* BPBaseTableViewController.m in Sources */ = {isa = PBXBuildFile; fileRef = 01ADC1F81FB492D8009150F0 /* BPBaseTableViewController.m */; };
		01EC5F181FA9A5C400838BE2 /* launch_6p.jpg in Resources */ = {isa = PBXBuildFile; fileRef = 01EC5F131FA9A5C300838BE2 /* launch_6p.jpg */; };
		01EC5F191FA9A5C400838BE2 /* launch_5.jpg in Resources */ = {isa = PBXBuildFile; fileRef = 01EC5F141FA9A5C300838BE2 /* launch_5.jpg */; };
		01EC5F1A1FA9A5C400838BE2 /* launch_desktop.jpg in Resources */ = {isa = PBXBuildFile; fileRef = 01EC5F151FA9A5C300838BE2 /* launch_desktop.jpg */; };
		01EC5F1B1FA9A5C400838BE2 /* launch_4.jpg in Resources */ = {isa = PBXBuildFile; fileRef = 01EC5F161FA9A5C300838BE2 /* launch_4.jpg */; };
		01EC5F1C1FA9A5C400838BE2 /* launch_6.jpg in Resources */ = {isa = PBXBuildFile; fileRef = 01EC5F171FA9A5C400838BE2 /* launch_6.jpg */; };
		01EC5F251FA9AAB100838BE2 /* KSCGUtilities.m in Sources */ = {isa = PBXBuildFile; fileRef = 01EC5F221FA9AAB100838BE2 /* KSCGUtilities.m */; };
		D3B433555DA690915B9FE756 /* libPods-BaseProject.a in Frameworks */ = {isa = PBXBuildFile; fileRef = 7BAAF3753BBCECF75300EBB5 /* libPods-BaseProject.a */; };
/* End PBXBuildFile section */

/* Begin PBXContainerItemProxy section */
		01733FE61FA974FC006192F0 /* PBXContainerItemProxy */ = {
			isa = PBXContainerItemProxy;
			containerPortal = 01733FC51FA974FB006192F0 /* Project object */;
			proxyType = 1;
			remoteGlobalIDString = 01733FCC1FA974FB006192F0;
			remoteInfo = BaseProject;
		};
		01733FF11FA974FC006192F0 /* PBXContainerItemProxy */ = {
			isa = PBXContainerItemProxy;
			containerPortal = 01733FC51FA974FB006192F0 /* Project object */;
			proxyType = 1;
			remoteGlobalIDString = 01733FCC1FA974FB006192F0;
			remoteInfo = BaseProject;
		};
/* End PBXContainerItemProxy section */

/* Begin PBXFileReference section */
		01232D1B1FB2DFEA00F431EC /* NSNumber+BPDecimalNumber.h */ = {isa = PBXFileReference; lastKnownFileType = sourcecode.c.h; path = "NSNumber+BPDecimalNumber.h"; sourceTree = "<group>"; };
		01232D1C1FB2DFEA00F431EC /* NSNumber+BPDecimalNumber.m */ = {isa = PBXFileReference; lastKnownFileType = sourcecode.c.objc; path = "NSNumber+BPDecimalNumber.m"; sourceTree = "<group>"; };
		01232D221FB3ED0B00F431EC /* UIView+BPScreenshot.h */ = {isa = PBXFileReference; lastKnownFileType = sourcecode.c.h; path = "UIView+BPScreenshot.h"; sourceTree = "<group>"; };
		01232D231FB3ED0B00F431EC /* UIView+BPScreenshot.m */ = {isa = PBXFileReference; lastKnownFileType = sourcecode.c.objc; path = "UIView+BPScreenshot.m"; sourceTree = "<group>"; };
		0149952E1FB4945700077866 /* BaseModel.h */ = {isa = PBXFileReference; lastKnownFileType = sourcecode.c.h; path = BaseModel.h; sourceTree = "<group>"; };
		0149952F1FB4945700077866 /* BaseModel.m */ = {isa = PBXFileReference; lastKnownFileType = sourcecode.c.objc; path = BaseModel.m; sourceTree = "<group>"; };
		014995311FB494D800077866 /* BPBaseTableView.h */ = {isa = PBXFileReference; lastKnownFileType = sourcecode.c.h; path = BPBaseTableView.h; sourceTree = "<group>"; };
		014995321FB494D800077866 /* BPBaseTableView.m */ = {isa = PBXFileReference; lastKnownFileType = sourcecode.c.objc; path = BPBaseTableView.m; sourceTree = "<group>"; };
		014995381FB4A3D500077866 /* BPRootTabBarController.m */ = {isa = PBXFileReference; fileEncoding = 4; lastKnownFileType = sourcecode.c.objc; path = BPRootTabBarController.m; sourceTree = "<group>"; };
		014995391FB4A3D500077866 /* BPRootTabBarController.h */ = {isa = PBXFileReference; fileEncoding = 4; lastKnownFileType = sourcecode.c.h; path = BPRootTabBarController.h; sourceTree = "<group>"; };
		0149953B1FB4A3F900077866 /* BPRootNavigationController.h */ = {isa = PBXFileReference; lastKnownFileType = sourcecode.c.h; path = BPRootNavigationController.h; sourceTree = "<group>"; };
		0149953C1FB4A3F900077866 /* BPRootNavigationController.m */ = {isa = PBXFileReference; lastKnownFileType = sourcecode.c.objc; path = BPRootNavigationController.m; sourceTree = "<group>"; };
		014995581FB4A48B00077866 /* BPXRZViewController.xib */ = {isa = PBXFileReference; fileEncoding = 4; lastKnownFileType = file.xib; path = BPXRZViewController.xib; sourceTree = "<group>"; };
		014995591FB4A48B00077866 /* BPXRZViewController.h */ = {isa = PBXFileReference; fileEncoding = 4; lastKnownFileType = sourcecode.c.h; path = BPXRZViewController.h; sourceTree = "<group>"; };
		0149955A1FB4A48C00077866 /* BPXRZViewController.m */ = {isa = PBXFileReference; fileEncoding = 4; lastKnownFileType = sourcecode.c.objc; path = BPXRZViewController.m; sourceTree = "<group>"; };
		0149955D1FB4A49400077866 /* BPMasterCatalogueModel.h */ = {isa = PBXFileReference; fileEncoding = 4; lastKnownFileType = sourcecode.c.h; path = BPMasterCatalogueModel.h; sourceTree = "<group>"; };
		0149955E1FB4A49500077866 /* BPMasterCatalogueModel.m */ = {isa = PBXFileReference; fileEncoding = 4; lastKnownFileType = sourcecode.c.objc; path = BPMasterCatalogueModel.m; sourceTree = "<group>"; };
		014995711FB4A52A00077866 /* BPZTViewController.m */ = {isa = PBXFileReference; fileEncoding = 4; lastKnownFileType = sourcecode.c.objc; path = BPZTViewController.m; sourceTree = "<group>"; };
		014995721FB4A52A00077866 /* BPZTViewController.h */ = {isa = PBXFileReference; fileEncoding = 4; lastKnownFileType = sourcecode.c.h; path = BPZTViewController.h; sourceTree = "<group>"; };
		014995731FB4A52B00077866 /* BPZTViewController.xib */ = {isa = PBXFileReference; fileEncoding = 4; lastKnownFileType = file.xib; path = BPZTViewController.xib; sourceTree = "<group>"; };
		014995761FB4A53200077866 /* BPSYViewController.h */ = {isa = PBXFileReference; fileEncoding = 4; lastKnownFileType = sourcecode.c.h; path = BPSYViewController.h; sourceTree = "<group>"; };
		014995771FB4A53200077866 /* BPSYViewController.m */ = {isa = PBXFileReference; fileEncoding = 4; lastKnownFileType = sourcecode.c.objc; path = BPSYViewController.m; sourceTree = "<group>"; };
		014995781FB4A53300077866 /* BPSYViewController.xib */ = {isa = PBXFileReference; fileEncoding = 4; lastKnownFileType = file.xib; path = BPSYViewController.xib; sourceTree = "<group>"; };
		0149959C1FB4A5F400077866 /* BPNaviAnimaViewController.h */ = {isa = PBXFileReference; fileEncoding = 4; lastKnownFileType = sourcecode.c.h; path = BPNaviAnimaViewController.h; sourceTree = "<group>"; };
		0149959D1FB4A5F400077866 /* BPNaviAnimaViewController.m */ = {isa = PBXFileReference; fileEncoding = 4; lastKnownFileType = sourcecode.c.objc; path = BPNaviAnimaViewController.m; sourceTree = "<group>"; };
		01733FCD1FA974FB006192F0 /* BaseProject.app */ = {isa = PBXFileReference; explicitFileType = wrapper.application; includeInIndex = 0; path = BaseProject.app; sourceTree = BUILT_PRODUCTS_DIR; };
		01733FD71FA974FB006192F0 /* Base */ = {isa = PBXFileReference; lastKnownFileType = file.storyboard; name = Base; path = Base.lproj/Main.storyboard; sourceTree = "<group>"; };
		01733FD91FA974FB006192F0 /* Assets.xcassets */ = {isa = PBXFileReference; lastKnownFileType = folder.assetcatalog; path = Assets.xcassets; sourceTree = "<group>"; };
		01733FDC1FA974FB006192F0 /* Base */ = {isa = PBXFileReference; lastKnownFileType = file.storyboard; name = Base; path = Base.lproj/LaunchScreen.storyboard; sourceTree = "<group>"; };
		01733FDE1FA974FB006192F0 /* Info.plist */ = {isa = PBXFileReference; lastKnownFileType = text.plist.xml; path = Info.plist; sourceTree = "<group>"; };
		01733FDF1FA974FB006192F0 /* main.m */ = {isa = PBXFileReference; lastKnownFileType = sourcecode.c.objc; path = main.m; sourceTree = "<group>"; };
		01733FE51FA974FC006192F0 /* BaseProjectTests.xctest */ = {isa = PBXFileReference; explicitFileType = wrapper.cfbundle; includeInIndex = 0; path = BaseProjectTests.xctest; sourceTree = BUILT_PRODUCTS_DIR; };
		01733FE91FA974FC006192F0 /* BaseProjectTests.m */ = {isa = PBXFileReference; lastKnownFileType = sourcecode.c.objc; path = BaseProjectTests.m; sourceTree = "<group>"; };
		01733FEB1FA974FC006192F0 /* Info.plist */ = {isa = PBXFileReference; lastKnownFileType = text.plist.xml; path = Info.plist; sourceTree = "<group>"; };
		01733FF01FA974FC006192F0 /* BaseProjectUITests.xctest */ = {isa = PBXFileReference; explicitFileType = wrapper.cfbundle; includeInIndex = 0; path = BaseProjectUITests.xctest; sourceTree = BUILT_PRODUCTS_DIR; };
		01733FF41FA974FC006192F0 /* BaseProjectUITests.m */ = {isa = PBXFileReference; lastKnownFileType = sourcecode.c.objc; path = BaseProjectUITests.m; sourceTree = "<group>"; };
		01733FF61FA974FC006192F0 /* Info.plist */ = {isa = PBXFileReference; lastKnownFileType = text.plist.xml; path = Info.plist; sourceTree = "<group>"; };
		017340041FA9753F006192F0 /* BPAppDelegate.h */ = {isa = PBXFileReference; fileEncoding = 4; lastKnownFileType = sourcecode.c.h; path = BPAppDelegate.h; sourceTree = "<group>"; };
		017340051FA9753F006192F0 /* BPAppDelegate.m */ = {isa = PBXFileReference; fileEncoding = 4; lastKnownFileType = sourcecode.c.objc; path = BPAppDelegate.m; sourceTree = "<group>"; };
		0173400B1FA9753F006192F0 /* BPBaseNavigationController.m */ = {isa = PBXFileReference; fileEncoding = 4; lastKnownFileType = sourcecode.c.objc; path = BPBaseNavigationController.m; sourceTree = "<group>"; };
		0173400C1FA9753F006192F0 /* BPBaseNavigationController.h */ = {isa = PBXFileReference; fileEncoding = 4; lastKnownFileType = sourcecode.c.h; path = BPBaseNavigationController.h; sourceTree = "<group>"; };
		0173400E1FA9753F006192F0 /* BPBaseViewController.m */ = {isa = PBXFileReference; fileEncoding = 4; lastKnownFileType = sourcecode.c.objc; path = BPBaseViewController.m; sourceTree = "<group>"; };
		0173400F1FA9753F006192F0 /* BPBaseViewController.h */ = {isa = PBXFileReference; fileEncoding = 4; lastKnownFileType = sourcecode.c.h; path = BPBaseViewController.h; sourceTree = "<group>"; };
		017340111FA9753F006192F0 /* BPBaseTabBarController.h */ = {isa = PBXFileReference; fileEncoding = 4; lastKnownFileType = sourcecode.c.h; path = BPBaseTabBarController.h; sourceTree = "<group>"; };
		017340121FA9753F006192F0 /* BPBaseTabBarController.m */ = {isa = PBXFileReference; fileEncoding = 4; lastKnownFileType = sourcecode.c.objc; path = BPBaseTabBarController.m; sourceTree = "<group>"; };
		01ADC1F41FB492C1009150F0 /* BPBaseTableViewCell.h */ = {isa = PBXFileReference; lastKnownFileType = sourcecode.c.h; path = BPBaseTableViewCell.h; sourceTree = "<group>"; };
		01ADC1F51FB492C1009150F0 /* BPBaseTableViewCell.m */ = {isa = PBXFileReference; lastKnownFileType = sourcecode.c.objc; path = BPBaseTableViewCell.m; sourceTree = "<group>"; };
		01ADC1F71FB492D8009150F0 /* BPBaseTableViewController.h */ = {isa = PBXFileReference; lastKnownFileType = sourcecode.c.h; path = BPBaseTableViewController.h; sourceTree = "<group>"; };
		01ADC1F81FB492D8009150F0 /* BPBaseTableViewController.m */ = {isa = PBXFileReference; lastKnownFileType = sourcecode.c.objc; path = BPBaseTableViewController.m; sourceTree = "<group>"; };
		01EC5F131FA9A5C300838BE2 /* launch_6p.jpg */ = {isa = PBXFileReference; lastKnownFileType = image.jpeg; path = launch_6p.jpg; sourceTree = "<group>"; };
		01EC5F141FA9A5C300838BE2 /* launch_5.jpg */ = {isa = PBXFileReference; lastKnownFileType = image.jpeg; path = launch_5.jpg; sourceTree = "<group>"; };
		01EC5F151FA9A5C300838BE2 /* launch_desktop.jpg */ = {isa = PBXFileReference; lastKnownFileType = image.jpeg; path = launch_desktop.jpg; sourceTree = "<group>"; };
		01EC5F161FA9A5C300838BE2 /* launch_4.jpg */ = {isa = PBXFileReference; lastKnownFileType = image.jpeg; path = launch_4.jpg; sourceTree = "<group>"; };
		01EC5F171FA9A5C400838BE2 /* launch_6.jpg */ = {isa = PBXFileReference; lastKnownFileType = image.jpeg; path = launch_6.jpg; sourceTree = "<group>"; };
		01EC5F201FA9A78200838BE2 /* BaseProject-Prefix.pch */ = {isa = PBXFileReference; lastKnownFileType = sourcecode.c.h; path = "BaseProject-Prefix.pch"; sourceTree = "<group>"; };
		01EC5F221FA9AAB100838BE2 /* KSCGUtilities.m */ = {isa = PBXFileReference; fileEncoding = 4; lastKnownFileType = sourcecode.c.objc; path = KSCGUtilities.m; sourceTree = "<group>"; };
		01EC5F231FA9AAB100838BE2 /* KSDataTool.h */ = {isa = PBXFileReference; fileEncoding = 4; lastKnownFileType = sourcecode.c.h; path = KSDataTool.h; sourceTree = "<group>"; };
		01EC5F241FA9AAB100838BE2 /* KSCGUtilities.h */ = {isa = PBXFileReference; fileEncoding = 4; lastKnownFileType = sourcecode.c.h; path = KSCGUtilities.h; sourceTree = "<group>"; };
		193772C00264BDAF63ADB7B3 /* Pods-BaseProject.debug.xcconfig */ = {isa = PBXFileReference; includeInIndex = 1; lastKnownFileType = text.xcconfig; name = "Pods-BaseProject.debug.xcconfig"; path = "Pods/Target Support Files/Pods-BaseProject/Pods-BaseProject.debug.xcconfig"; sourceTree = "<group>"; };
		7BAAF3753BBCECF75300EBB5 /* libPods-BaseProject.a */ = {isa = PBXFileReference; explicitFileType = archive.ar; includeInIndex = 0; path = "libPods-BaseProject.a"; sourceTree = BUILT_PRODUCTS_DIR; };
		7D3E14031FDCFBD3612C5E10 /* Pods-BaseProject.release.xcconfig */ = {isa = PBXFileReference; includeInIndex = 1; lastKnownFileType = text.xcconfig; name = "Pods-BaseProject.release.xcconfig"; path = "Pods/Target Support Files/Pods-BaseProject/Pods-BaseProject.release.xcconfig"; sourceTree = "<group>"; };
/* End PBXFileReference section */

/* Begin PBXFrameworksBuildPhase section */
		01733FCA1FA974FB006192F0 /* Frameworks */ = {
			isa = PBXFrameworksBuildPhase;
			buildActionMask = 2147483647;
			files = (
				D3B433555DA690915B9FE756 /* libPods-BaseProject.a in Frameworks */,
			);
			runOnlyForDeploymentPostprocessing = 0;
		};
		01733FE21FA974FC006192F0 /* Frameworks */ = {
			isa = PBXFrameworksBuildPhase;
			buildActionMask = 2147483647;
			files = (
			);
			runOnlyForDeploymentPostprocessing = 0;
		};
		01733FED1FA974FC006192F0 /* Frameworks */ = {
			isa = PBXFrameworksBuildPhase;
			buildActionMask = 2147483647;
			files = (
			);
			runOnlyForDeploymentPostprocessing = 0;
		};
/* End PBXFrameworksBuildPhase section */

/* Begin PBXGroup section */
		01232D171FB2077600F431EC /* NSNumber */ = {
			isa = PBXGroup;
			children = (
				01232D1B1FB2DFEA00F431EC /* NSNumber+BPDecimalNumber.h */,
				01232D1C1FB2DFEA00F431EC /* NSNumber+BPDecimalNumber.m */,
			);
			path = NSNumber;
			sourceTree = "<group>";
		};
		01232D211FB3ECF100F431EC /* UIView */ = {
			isa = PBXGroup;
			children = (
				01232D221FB3ED0B00F431EC /* UIView+BPScreenshot.h */,
				01232D231FB3ED0B00F431EC /* UIView+BPScreenshot.m */,
			);
			path = UIView;
			sourceTree = "<group>";
		};
		0149952D1FB4944A00077866 /* BaseModel */ = {
			isa = PBXGroup;
			children = (
				0149952E1FB4945700077866 /* BaseModel.h */,
				0149952F1FB4945700077866 /* BaseModel.m */,
			);
			path = BaseModel;
			sourceTree = "<group>";
		};
		014995341FB4A3B200077866 /* RootController */ = {
			isa = PBXGroup;
			children = (
				014995391FB4A3D500077866 /* BPRootTabBarController.h */,
				014995381FB4A3D500077866 /* BPRootTabBarController.m */,
				0149953B1FB4A3F900077866 /* BPRootNavigationController.h */,
				0149953C1FB4A3F900077866 /* BPRootNavigationController.m */,
			);
			path = RootController;
			sourceTree = "<group>";
		};
		014995551FB4A47600077866 /* XRZMainPage */ = {
			isa = PBXGroup;
			children = (
				014995561FB4A47600077866 /* Controller */,
				014995571FB4A47600077866 /* Model */,
			);
			path = XRZMainPage;
			sourceTree = "<group>";
		};
		014995561FB4A47600077866 /* Controller */ = {
			isa = PBXGroup;
			children = (
				014995591FB4A48B00077866 /* BPXRZViewController.h */,
				0149955A1FB4A48C00077866 /* BPXRZViewController.m */,
				014995581FB4A48B00077866 /* BPXRZViewController.xib */,
			);
			path = Controller;
			sourceTree = "<group>";
		};
		014995571FB4A47600077866 /* Model */ = {
			isa = PBXGroup;
			children = (
				0149955D1FB4A49400077866 /* BPMasterCatalogueModel.h */,
				0149955E1FB4A49500077866 /* BPMasterCatalogueModel.m */,
			);
			path = Model;
			sourceTree = "<group>";
		};
		014995691FB4A4FD00077866 /* ZTMainPage */ = {
			isa = PBXGroup;
			children = (
				0149956E1FB4A52200077866 /* Controllers */,
				0149956F1FB4A52200077866 /* Models */,
				014995701FB4A52200077866 /* Views */,
			);
			path = ZTMainPage;
			sourceTree = "<group>";
		};
		0149956A1FB4A50700077866 /* SYMainPage */ = {
			isa = PBXGroup;
			children = (
				0149956B1FB4A51A00077866 /* Controllers */,
				0149956C1FB4A51A00077866 /* Models */,
				0149956D1FB4A51B00077866 /* Views */,
			);
			path = SYMainPage;
			sourceTree = "<group>";
		};
		0149956B1FB4A51A00077866 /* Controllers */ = {
			isa = PBXGroup;
			children = (
				014995761FB4A53200077866 /* BPSYViewController.h */,
				014995771FB4A53200077866 /* BPSYViewController.m */,
				014995781FB4A53300077866 /* BPSYViewController.xib */,
			);
			path = Controllers;
			sourceTree = "<group>";
		};
		0149956C1FB4A51A00077866 /* Models */ = {
			isa = PBXGroup;
			children = (
			);
			path = Models;
			sourceTree = "<group>";
		};
		0149956D1FB4A51B00077866 /* Views */ = {
			isa = PBXGroup;
			children = (
			);
			path = Views;
			sourceTree = "<group>";
		};
		0149956E1FB4A52200077866 /* Controllers */ = {
			isa = PBXGroup;
			children = (
				014995721FB4A52A00077866 /* BPZTViewController.h */,
				014995711FB4A52A00077866 /* BPZTViewController.m */,
				014995731FB4A52B00077866 /* BPZTViewController.xib */,
			);
			path = Controllers;
			sourceTree = "<group>";
		};
		0149956F1FB4A52200077866 /* Models */ = {
			isa = PBXGroup;
			children = (
			);
			path = Models;
			sourceTree = "<group>";
		};
		014995701FB4A52200077866 /* Views */ = {
			isa = PBXGroup;
			children = (
			);
			path = Views;
			sourceTree = "<group>";
		};
		0149957C1FB4A5F200077866 /* CodeScanner */ = {
			isa = PBXGroup;
			children = (
			);
			path = CodeScanner;
			sourceTree = "<group>";
		};
		0149957D1FB4A5F200077866 /* Player */ = {
			isa = PBXGroup;
			children = (
			);
			path = Player;
			sourceTree = "<group>";
		};
		0149957E1FB4A5F200077866 /* GaussianBlur */ = {
			isa = PBXGroup;
			children = (
			);
			path = GaussianBlur;
			sourceTree = "<group>";
		};
		014995801FB4A5F200077866 /* SecondaryMenu */ = {
			isa = PBXGroup;
			children = (
			);
			path = SecondaryMenu;
			sourceTree = "<group>";
		};
		014995811FB4A5F200077866 /* Chart */ = {
			isa = PBXGroup;
			children = (
				014995821FB4A5F200077866 /* MainCatalogue */,
			);
			path = Chart;
			sourceTree = "<group>";
		};
		014995821FB4A5F200077866 /* MainCatalogue */ = {
			isa = PBXGroup;
			children = (
				014995831FB4A5F200077866 /* Controller */,
				014995841FB4A5F200077866 /* Model */,
				014995851FB4A5F200077866 /* View */,
			);
			path = MainCatalogue;
			sourceTree = "<group>";
		};
		014995831FB4A5F200077866 /* Controller */ = {
			isa = PBXGroup;
			children = (
			);
			path = Controller;
			sourceTree = "<group>";
		};
		014995841FB4A5F200077866 /* Model */ = {
			isa = PBXGroup;
			children = (
			);
			path = Model;
			sourceTree = "<group>";
		};
		014995851FB4A5F200077866 /* View */ = {
			isa = PBXGroup;
			children = (
			);
			path = View;
			sourceTree = "<group>";
		};
		014995861FB4A5F200077866 /* TopSliderCategory */ = {
			isa = PBXGroup;
			children = (
			);
			path = TopSliderCategory;
			sourceTree = "<group>";
		};
		014995871FB4A5F200077866 /* TagView */ = {
			isa = PBXGroup;
			children = (
			);
			path = TagView;
			sourceTree = "<group>";
		};
		014995881FB4A5F200077866 /* Alert */ = {
			isa = PBXGroup;
			children = (
			);
			path = Alert;
			sourceTree = "<group>";
		};
		014995891FB4A5F200077866 /* Animation */ = {
			isa = PBXGroup;
			children = (
				0149958A1FB4A5F200077866 /* TaoBaoCart */,
				0149958B1FB4A5F200077866 /* NumberGrowth */,
				0149958C1FB4A5F200077866 /* Wave */,
				0149958D1FB4A5F200077866 /* CardPop */,
			);
			path = Animation;
			sourceTree = "<group>";
		};
		0149958A1FB4A5F200077866 /* TaoBaoCart */ = {
			isa = PBXGroup;
			children = (
			);
			path = TaoBaoCart;
			sourceTree = "<group>";
		};
		0149958B1FB4A5F200077866 /* NumberGrowth */ = {
			isa = PBXGroup;
			children = (
			);
			path = NumberGrowth;
			sourceTree = "<group>";
		};
		0149958C1FB4A5F200077866 /* Wave */ = {
			isa = PBXGroup;
			children = (
			);
			path = Wave;
			sourceTree = "<group>";
		};
		0149958D1FB4A5F200077866 /* CardPop */ = {
			isa = PBXGroup;
			children = (
			);
			path = CardPop;
			sourceTree = "<group>";
		};
		0149958E1FB4A5F300077866 /* PhotoBrowser */ = {
			isa = PBXGroup;
			children = (
			);
			path = PhotoBrowser;
			sourceTree = "<group>";
		};
		014995901FB4A5F300077866 /* WebBridge */ = {
			isa = PBXGroup;
			children = (
			);
			path = WebBridge;
			sourceTree = "<group>";
		};
		014995911FB4A5F300077866 /* WeChat */ = {
			isa = PBXGroup;
			children = (
			);
			path = WeChat;
			sourceTree = "<group>";
		};
		014995921FB4A5F300077866 /* Algorithm */ = {
			isa = PBXGroup;
			children = (
			);
			path = Algorithm;
			sourceTree = "<group>";
		};
		014995931FB4A5F300077866 /* EnlargeImage */ = {
			isa = PBXGroup;
			children = (
			);
			path = EnlargeImage;
			sourceTree = "<group>";
		};
		014995941FB4A5F300077866 /* PopView */ = {
			isa = PBXGroup;
			children = (
				014995C41FB4A7CA00077866 /* CardPopView */,
				014995951FB4A5F300077866 /* AnchorPopView */,
				014995961FB4A5F300077866 /* ArrowPopView */,
			);
			path = PopView;
			sourceTree = "<group>";
		};
		014995951FB4A5F300077866 /* AnchorPopView */ = {
			isa = PBXGroup;
			children = (
			);
			path = AnchorPopView;
			sourceTree = "<group>";
		};
		014995961FB4A5F300077866 /* ArrowPopView */ = {
			isa = PBXGroup;
			children = (
			);
			path = ArrowPopView;
			sourceTree = "<group>";
		};
		014995981FB4A5F300077866 /* SlideImageShow */ = {
			isa = PBXGroup;
			children = (
			);
			path = SlideImageShow;
			sourceTree = "<group>";
		};
		014995991FB4A5F400077866 /* Bar */ = {
			isa = PBXGroup;
			children = (
				0149959A1FB4A5F400077866 /* Navi */,
				014995A01FB4A5F400077866 /* TabBar */,
				014995A11FB4A5F400077866 /* MainCatalogue */,
			);
			path = Bar;
			sourceTree = "<group>";
		};
		0149959A1FB4A5F400077866 /* Navi */ = {
			isa = PBXGroup;
			children = (
				0149959B1FB4A5F400077866 /* Controller */,
				0149959E1FB4A5F400077866 /* Model */,
				0149959F1FB4A5F400077866 /* View */,
			);
			path = Navi;
			sourceTree = "<group>";
		};
		0149959B1FB4A5F400077866 /* Controller */ = {
			isa = PBXGroup;
			children = (
				0149959C1FB4A5F400077866 /* BPNaviAnimaViewController.h */,
				0149959D1FB4A5F400077866 /* BPNaviAnimaViewController.m */,
			);
			path = Controller;
			sourceTree = "<group>";
		};
		0149959E1FB4A5F400077866 /* Model */ = {
			isa = PBXGroup;
			children = (
			);
			path = Model;
			sourceTree = "<group>";
		};
		0149959F1FB4A5F400077866 /* View */ = {
			isa = PBXGroup;
			children = (
			);
			path = View;
			sourceTree = "<group>";
		};
		014995A01FB4A5F400077866 /* TabBar */ = {
			isa = PBXGroup;
			children = (
			);
			path = TabBar;
			sourceTree = "<group>";
		};
		014995A11FB4A5F400077866 /* MainCatalogue */ = {
			isa = PBXGroup;
			children = (
				014995A21FB4A5F400077866 /* Controller */,
				014995A31FB4A5F400077866 /* Model */,
				014995A41FB4A5F400077866 /* View */,
			);
			path = MainCatalogue;
			sourceTree = "<group>";
		};
		014995A21FB4A5F400077866 /* Controller */ = {
			isa = PBXGroup;
			children = (
			);
			path = Controller;
			sourceTree = "<group>";
		};
		014995A31FB4A5F400077866 /* Model */ = {
			isa = PBXGroup;
			children = (
			);
			path = Model;
			sourceTree = "<group>";
		};
		014995A41FB4A5F400077866 /* View */ = {
			isa = PBXGroup;
			children = (
			);
			path = View;
			sourceTree = "<group>";
		};
		014995A51FB4A5F400077866 /* GCD */ = {
			isa = PBXGroup;
			children = (
				014995A61FB4A5F400077866 /* MainCatalogue */,
			);
			path = GCD;
			sourceTree = "<group>";
		};
		014995A61FB4A5F400077866 /* MainCatalogue */ = {
			isa = PBXGroup;
			children = (
				014995A71FB4A5F400077866 /* Controller */,
				014995A81FB4A5F400077866 /* Model */,
				014995A91FB4A5F400077866 /* View */,
			);
			path = MainCatalogue;
			sourceTree = "<group>";
		};
		014995A71FB4A5F400077866 /* Controller */ = {
			isa = PBXGroup;
			children = (
			);
			path = Controller;
			sourceTree = "<group>";
		};
		014995A81FB4A5F400077866 /* Model */ = {
			isa = PBXGroup;
			children = (
			);
			path = Model;
			sourceTree = "<group>";
		};
		014995A91FB4A5F400077866 /* View */ = {
			isa = PBXGroup;
			children = (
			);
			path = View;
			sourceTree = "<group>";
		};
		014995AA1FB4A5F400077866 /* DataBase */ = {
			isa = PBXGroup;
			children = (
			);
			path = DataBase;
			sourceTree = "<group>";
		};
		014995AC1FB4A5F400077866 /* LearnThirdLibrary */ = {
			isa = PBXGroup;
			children = (
				014995AD1FB4A5F400077866 /* YYKit */,
				014995AE1FB4A5F400077866 /* MJRefresh */,
				014995AF1FB4A5F400077866 /* YTK_AFN */,
				014995B01FB4A5F400077866 /* MainCatalogue */,
				014995B41FB4A5F400077866 /* SDWebImage */,
				014995B51FB4A5F400077866 /* AFN */,
			);
			path = LearnThirdLibrary;
			sourceTree = "<group>";
		};
		014995AD1FB4A5F400077866 /* YYKit */ = {
			isa = PBXGroup;
			children = (
			);
			path = YYKit;
			sourceTree = "<group>";
		};
		014995AE1FB4A5F400077866 /* MJRefresh */ = {
			isa = PBXGroup;
			children = (
			);
			path = MJRefresh;
			sourceTree = "<group>";
		};
		014995AF1FB4A5F400077866 /* YTK_AFN */ = {
			isa = PBXGroup;
			children = (
			);
			path = YTK_AFN;
			sourceTree = "<group>";
		};
		014995B01FB4A5F400077866 /* MainCatalogue */ = {
			isa = PBXGroup;
			children = (
				014995B11FB4A5F400077866 /* Controller */,
				014995B21FB4A5F400077866 /* Model */,
				014995B31FB4A5F400077866 /* View */,
			);
			path = MainCatalogue;
			sourceTree = "<group>";
		};
		014995B11FB4A5F400077866 /* Controller */ = {
			isa = PBXGroup;
			children = (
			);
			path = Controller;
			sourceTree = "<group>";
		};
		014995B21FB4A5F400077866 /* Model */ = {
			isa = PBXGroup;
			children = (
			);
			path = Model;
			sourceTree = "<group>";
		};
		014995B31FB4A5F400077866 /* View */ = {
			isa = PBXGroup;
			children = (
			);
			path = View;
			sourceTree = "<group>";
		};
		014995B41FB4A5F400077866 /* SDWebImage */ = {
			isa = PBXGroup;
			children = (
			);
			path = SDWebImage;
			sourceTree = "<group>";
		};
		014995B51FB4A5F400077866 /* AFN */ = {
			isa = PBXGroup;
			children = (
			);
			path = AFN;
			sourceTree = "<group>";
		};
		014995BB1FB4A5F400077866 /* CATransition_ Gesture */ = {
			isa = PBXGroup;
			children = (
			);
			path = "CATransition_ Gesture";
			sourceTree = "<group>";
		};
		014995BC1FB4A5F400077866 /* CollectionViewLayout */ = {
			isa = PBXGroup;
			children = (
			);
			path = CollectionViewLayout;
			sourceTree = "<group>";
		};
		014995BD1FB4A5F500077866 /* SwiftCode */ = {
			isa = PBXGroup;
			children = (
			);
			path = SwiftCode;
			sourceTree = "<group>";
		};
		014995BE1FB4A5F500077866 /* ReadBook */ = {
			isa = PBXGroup;
			children = (
			);
			path = ReadBook;
			sourceTree = "<group>";
		};
		014995BF1FB4A5F500077866 /* MultiLevelCatalogue */ = {
			isa = PBXGroup;
			children = (
			);
			path = MultiLevelCatalogue;
			sourceTree = "<group>";
		};
		014995C21FB4A75F00077866 /* DrawView */ = {
			isa = PBXGroup;
			children = (
			);
			path = DrawView;
			sourceTree = "<group>";
		};
		014995C41FB4A7CA00077866 /* CardPopView */ = {
			isa = PBXGroup;
			children = (
			);
			path = CardPopView;
			sourceTree = "<group>";
		};
		01733FC41FA974FB006192F0 = {
			isa = PBXGroup;
			children = (
				01733FCF1FA974FB006192F0 /* BaseProject */,
				01733FE81FA974FC006192F0 /* BaseProjectTests */,
				01733FF31FA974FC006192F0 /* BaseProjectUITests */,
				01733FCE1FA974FB006192F0 /* Products */,
				B2B18E2B73577EEFB2034AF8 /* Pods */,
				4A3DA6562E1A89656B539CD7 /* Frameworks */,
			);
			sourceTree = "<group>";
		};
		01733FCE1FA974FB006192F0 /* Products */ = {
			isa = PBXGroup;
			children = (
				01733FCD1FA974FB006192F0 /* BaseProject.app */,
				01733FE51FA974FC006192F0 /* BaseProjectTests.xctest */,
				01733FF01FA974FC006192F0 /* BaseProjectUITests.xctest */,
			);
			name = Products;
			sourceTree = "<group>";
		};
		01733FCF1FA974FB006192F0 /* BaseProject */ = {
			isa = PBXGroup;
			children = (
				017340021FA9753F006192F0 /* Application */,
				017340071FA9753F006192F0 /* BaseClass */,
				0173401A1FA9753F006192F0 /* Helpers */,
				017340151FA9753F006192F0 /* Macro */,
				0173401B1FA9753F006192F0 /* Resources */,
				017340181FA9753F006192F0 /* Scenes */,
				017340161FA9753F006192F0 /* Utility */,
				017340191FA9753F006192F0 /* Vendors */,
				01733FD61FA974FB006192F0 /* Main.storyboard */,
				01733FD91FA974FB006192F0 /* Assets.xcassets */,
				01733FDB1FA974FB006192F0 /* LaunchScreen.storyboard */,
				01733FDE1FA974FB006192F0 /* Info.plist */,
				01733FDF1FA974FB006192F0 /* main.m */,
				01EC5F201FA9A78200838BE2 /* BaseProject-Prefix.pch */,
			);
			path = BaseProject;
			sourceTree = "<group>";
		};
		01733FE81FA974FC006192F0 /* BaseProjectTests */ = {
			isa = PBXGroup;
			children = (
				01733FE91FA974FC006192F0 /* BaseProjectTests.m */,
				01733FEB1FA974FC006192F0 /* Info.plist */,
			);
			path = BaseProjectTests;
			sourceTree = "<group>";
		};
		01733FF31FA974FC006192F0 /* BaseProjectUITests */ = {
			isa = PBXGroup;
			children = (
				01733FF41FA974FC006192F0 /* BaseProjectUITests.m */,
				01733FF61FA974FC006192F0 /* Info.plist */,
			);
			path = BaseProjectUITests;
			sourceTree = "<group>";
		};
		017340021FA9753F006192F0 /* Application */ = {
			isa = PBXGroup;
			children = (
				017340031FA9753F006192F0 /* AppDelegate */,
				014995341FB4A3B200077866 /* RootController */,
				017340061FA9753F006192F0 /* Main */,
			);
			path = Application;
			sourceTree = "<group>";
		};
		017340031FA9753F006192F0 /* AppDelegate */ = {
			isa = PBXGroup;
			children = (
				017340041FA9753F006192F0 /* BPAppDelegate.h */,
				017340051FA9753F006192F0 /* BPAppDelegate.m */,
			);
			path = AppDelegate;
			sourceTree = "<group>";
		};
		017340061FA9753F006192F0 /* Main */ = {
			isa = PBXGroup;
			children = (
				0149956A1FB4A50700077866 /* SYMainPage */,
				014995691FB4A4FD00077866 /* ZTMainPage */,
				014995551FB4A47600077866 /* XRZMainPage */,
			);
			path = Main;
			sourceTree = "<group>";
		};
		017340071FA9753F006192F0 /* BaseClass */ = {
			isa = PBXGroup;
			children = (
				0149952D1FB4944A00077866 /* BaseModel */,
				01ADC1E71FB490FC009150F0 /* BaseScroll */,
				017340081FA9753F006192F0 /* BaseView */,
				017340091FA9753F006192F0 /* BaseController */,
			);
			path = BaseClass;
			sourceTree = "<group>";
		};
		017340081FA9753F006192F0 /* BaseView */ = {
			isa = PBXGroup;
			children = (
			);
			path = BaseView;
			sourceTree = "<group>";
		};
		017340091FA9753F006192F0 /* BaseController */ = {
			isa = PBXGroup;
			children = (
				0173400A1FA9753F006192F0 /* BaseNavigationController */,
				0173400D1FA9753F006192F0 /* BaseViewController */,
				017340101FA9753F006192F0 /* BaseTabBarController */,
			);
			path = BaseController;
			sourceTree = "<group>";
		};
		0173400A1FA9753F006192F0 /* BaseNavigationController */ = {
			isa = PBXGroup;
			children = (
				0173400B1FA9753F006192F0 /* BPBaseNavigationController.m */,
				0173400C1FA9753F006192F0 /* BPBaseNavigationController.h */,
			);
			path = BaseNavigationController;
			sourceTree = "<group>";
		};
		0173400D1FA9753F006192F0 /* BaseViewController */ = {
			isa = PBXGroup;
			children = (
				0173400E1FA9753F006192F0 /* BPBaseViewController.m */,
				0173400F1FA9753F006192F0 /* BPBaseViewController.h */,
			);
			path = BaseViewController;
			sourceTree = "<group>";
		};
		017340101FA9753F006192F0 /* BaseTabBarController */ = {
			isa = PBXGroup;
			children = (
				017340111FA9753F006192F0 /* BPBaseTabBarController.h */,
				017340121FA9753F006192F0 /* BPBaseTabBarController.m */,
			);
			path = BaseTabBarController;
			sourceTree = "<group>";
		};
		017340151FA9753F006192F0 /* Macro */ = {
			isa = PBXGroup;
			children = (
			);
			path = Macro;
			sourceTree = "<group>";
		};
		017340161FA9753F006192F0 /* Utility */ = {
			isa = PBXGroup;
			children = (
				01EC5F211FA9AAB100838BE2 /* Tools */,
				017340171FA9753F006192F0 /* Category */,
			);
			path = Utility;
			sourceTree = "<group>";
		};
		017340171FA9753F006192F0 /* Category */ = {
			isa = PBXGroup;
			children = (
				01232D211FB3ECF100F431EC /* UIView */,
				01232D171FB2077600F431EC /* NSNumber */,
			);
			path = Category;
			sourceTree = "<group>";
		};
		017340181FA9753F006192F0 /* Scenes */ = {
			isa = PBXGroup;
			children = (
				014995C21FB4A75F00077866 /* DrawView */,
				014995881FB4A5F200077866 /* Alert */,
				014995921FB4A5F300077866 /* Algorithm */,
				014995891FB4A5F200077866 /* Animation */,
				014995991FB4A5F400077866 /* Bar */,
				014995BB1FB4A5F400077866 /* CATransition_ Gesture */,
				014995811FB4A5F200077866 /* Chart */,
				0149957C1FB4A5F200077866 /* CodeScanner */,
				014995BC1FB4A5F400077866 /* CollectionViewLayout */,
				014995AA1FB4A5F400077866 /* DataBase */,
				014995931FB4A5F300077866 /* EnlargeImage */,
				0149957E1FB4A5F200077866 /* GaussianBlur */,
				014995A51FB4A5F400077866 /* GCD */,
				014995AC1FB4A5F400077866 /* LearnThirdLibrary */,
				014995BF1FB4A5F500077866 /* MultiLevelCatalogue */,
				0149958E1FB4A5F300077866 /* PhotoBrowser */,
				0149957D1FB4A5F200077866 /* Player */,
				014995941FB4A5F300077866 /* PopView */,
				014995BE1FB4A5F500077866 /* ReadBook */,
				014995801FB4A5F200077866 /* SecondaryMenu */,
				014995981FB4A5F300077866 /* SlideImageShow */,
				014995BD1FB4A5F500077866 /* SwiftCode */,
				014995871FB4A5F200077866 /* TagView */,
				014995861FB4A5F200077866 /* TopSliderCategory */,
				014995901FB4A5F300077866 /* WebBridge */,
				014995911FB4A5F300077866 /* WeChat */,
			);
			path = Scenes;
			sourceTree = "<group>";
		};
		017340191FA9753F006192F0 /* Vendors */ = {
			isa = PBXGroup;
			children = (
			);
			path = Vendors;
			sourceTree = "<group>";
		};
		0173401A1FA9753F006192F0 /* Helpers */ = {
			isa = PBXGroup;
			children = (
			);
			path = Helpers;
			sourceTree = "<group>";
		};
		0173401B1FA9753F006192F0 /* Resources */ = {
			isa = PBXGroup;
			children = (
				01EC5F121FA9A58200838BE2 /* LaunchImage */,
			);
			path = Resources;
			sourceTree = "<group>";
		};
		01ADC1E71FB490FC009150F0 /* BaseScroll */ = {
			isa = PBXGroup;
			children = (
				01ADC1E91FB4911D009150F0 /* BaseCollectionView */,
				01ADC1E81FB4910D009150F0 /* BaseTableView */,
			);
			path = BaseScroll;
			sourceTree = "<group>";
		};
		01ADC1E81FB4910D009150F0 /* BaseTableView */ = {
			isa = PBXGroup;
			children = (
				01ADC1EB1FB49129009150F0 /* Controllers */,
				01ADC1EC1FB49129009150F0 /* Models */,
				01ADC1ED1FB49129009150F0 /* ViewModels */,
				01ADC1EA1FB49129009150F0 /* Views */,
			);
			path = BaseTableView;
			sourceTree = "<group>";
		};
		01ADC1E91FB4911D009150F0 /* BaseCollectionView */ = {
			isa = PBXGroup;
			children = (
			);
			path = BaseCollectionView;
			sourceTree = "<group>";
		};
		01ADC1EA1FB49129009150F0 /* Views */ = {
			isa = PBXGroup;
			children = (
				01ADC1F41FB492C1009150F0 /* BPBaseTableViewCell.h */,
				01ADC1F51FB492C1009150F0 /* BPBaseTableViewCell.m */,
				014995311FB494D800077866 /* BPBaseTableView.h */,
				014995321FB494D800077866 /* BPBaseTableView.m */,
			);
			path = Views;
			sourceTree = "<group>";
		};
		01ADC1EB1FB49129009150F0 /* Controllers */ = {
			isa = PBXGroup;
			children = (
				01ADC1F71FB492D8009150F0 /* BPBaseTableViewController.h */,
				01ADC1F81FB492D8009150F0 /* BPBaseTableViewController.m */,
			);
			path = Controllers;
			sourceTree = "<group>";
		};
		01ADC1EC1FB49129009150F0 /* Models */ = {
			isa = PBXGroup;
			children = (
			);
			path = Models;
			sourceTree = "<group>";
		};
		01ADC1ED1FB49129009150F0 /* ViewModels */ = {
			isa = PBXGroup;
			children = (
			);
			path = ViewModels;
			sourceTree = "<group>";
		};
		01EC5F121FA9A58200838BE2 /* LaunchImage */ = {
			isa = PBXGroup;
			children = (
				01EC5F161FA9A5C300838BE2 /* launch_4.jpg */,
				01EC5F141FA9A5C300838BE2 /* launch_5.jpg */,
				01EC5F171FA9A5C400838BE2 /* launch_6.jpg */,
				01EC5F131FA9A5C300838BE2 /* launch_6p.jpg */,
				01EC5F151FA9A5C300838BE2 /* launch_desktop.jpg */,
			);
			path = LaunchImage;
			sourceTree = "<group>";
		};
		01EC5F211FA9AAB100838BE2 /* Tools */ = {
			isa = PBXGroup;
			children = (
				01EC5F231FA9AAB100838BE2 /* KSDataTool.h */,
				01EC5F241FA9AAB100838BE2 /* KSCGUtilities.h */,
				01EC5F221FA9AAB100838BE2 /* KSCGUtilities.m */,
			);
			path = Tools;
			sourceTree = "<group>";
		};
		4A3DA6562E1A89656B539CD7 /* Frameworks */ = {
			isa = PBXGroup;
			children = (
				7BAAF3753BBCECF75300EBB5 /* libPods-BaseProject.a */,
			);
			name = Frameworks;
			sourceTree = "<group>";
		};
		B2B18E2B73577EEFB2034AF8 /* Pods */ = {
			isa = PBXGroup;
			children = (
				193772C00264BDAF63ADB7B3 /* Pods-BaseProject.debug.xcconfig */,
				7D3E14031FDCFBD3612C5E10 /* Pods-BaseProject.release.xcconfig */,
			);
			name = Pods;
			sourceTree = "<group>";
		};
/* End PBXGroup section */

/* Begin PBXNativeTarget section */
		01733FCC1FA974FB006192F0 /* BaseProject */ = {
			isa = PBXNativeTarget;
			buildConfigurationList = 01733FF91FA974FC006192F0 /* Build configuration list for PBXNativeTarget "BaseProject" */;
			buildPhases = (
				22E3344C09EA3A81CA65D34C /* [CP] Check Pods Manifest.lock */,
				01733FC91FA974FB006192F0 /* Sources */,
				01733FCA1FA974FB006192F0 /* Frameworks */,
				01733FCB1FA974FB006192F0 /* Resources */,
				72C69931371E50AE78C943BE /* [CP] Embed Pods Frameworks */,
				6F8B5FC571A634C2D0714D22 /* [CP] Copy Pods Resources */,
			);
			buildRules = (
			);
			dependencies = (
			);
			name = BaseProject;
			productName = BaseProject;
			productReference = 01733FCD1FA974FB006192F0 /* BaseProject.app */;
			productType = "com.apple.product-type.application";
		};
		01733FE41FA974FC006192F0 /* BaseProjectTests */ = {
			isa = PBXNativeTarget;
			buildConfigurationList = 01733FFC1FA974FC006192F0 /* Build configuration list for PBXNativeTarget "BaseProjectTests" */;
			buildPhases = (
				01733FE11FA974FC006192F0 /* Sources */,
				01733FE21FA974FC006192F0 /* Frameworks */,
				01733FE31FA974FC006192F0 /* Resources */,
			);
			buildRules = (
			);
			dependencies = (
				01733FE71FA974FC006192F0 /* PBXTargetDependency */,
			);
			name = BaseProjectTests;
			productName = BaseProjectTests;
			productReference = 01733FE51FA974FC006192F0 /* BaseProjectTests.xctest */;
			productType = "com.apple.product-type.bundle.unit-test";
		};
		01733FEF1FA974FC006192F0 /* BaseProjectUITests */ = {
			isa = PBXNativeTarget;
			buildConfigurationList = 01733FFF1FA974FC006192F0 /* Build configuration list for PBXNativeTarget "BaseProjectUITests" */;
			buildPhases = (
				01733FEC1FA974FC006192F0 /* Sources */,
				01733FED1FA974FC006192F0 /* Frameworks */,
				01733FEE1FA974FC006192F0 /* Resources */,
			);
			buildRules = (
			);
			dependencies = (
				01733FF21FA974FC006192F0 /* PBXTargetDependency */,
			);
			name = BaseProjectUITests;
			productName = BaseProjectUITests;
			productReference = 01733FF01FA974FC006192F0 /* BaseProjectUITests.xctest */;
			productType = "com.apple.product-type.bundle.ui-testing";
		};
/* End PBXNativeTarget section */

/* Begin PBXProject section */
		01733FC51FA974FB006192F0 /* Project object */ = {
			isa = PBXProject;
			attributes = {
				LastUpgradeCheck = 0900;
				ORGANIZATIONNAME = cactus;
				TargetAttributes = {
					01733FCC1FA974FB006192F0 = {
						CreatedOnToolsVersion = 9.0.1;
						ProvisioningStyle = Automatic;
					};
					01733FE41FA974FC006192F0 = {
						CreatedOnToolsVersion = 9.0.1;
						ProvisioningStyle = Automatic;
						TestTargetID = 01733FCC1FA974FB006192F0;
					};
					01733FEF1FA974FC006192F0 = {
						CreatedOnToolsVersion = 9.0.1;
						ProvisioningStyle = Automatic;
						TestTargetID = 01733FCC1FA974FB006192F0;
					};
				};
			};
			buildConfigurationList = 01733FC81FA974FB006192F0 /* Build configuration list for PBXProject "BaseProject" */;
			compatibilityVersion = "Xcode 8.0";
			developmentRegion = en;
			hasScannedForEncodings = 0;
			knownRegions = (
				en,
				Base,
			);
			mainGroup = 01733FC41FA974FB006192F0;
			productRefGroup = 01733FCE1FA974FB006192F0 /* Products */;
			projectDirPath = "";
			projectRoot = "";
			targets = (
				01733FCC1FA974FB006192F0 /* BaseProject */,
				01733FE41FA974FC006192F0 /* BaseProjectTests */,
				01733FEF1FA974FC006192F0 /* BaseProjectUITests */,
			);
		};
/* End PBXProject section */

/* Begin PBXResourcesBuildPhase section */
		01733FCB1FA974FB006192F0 /* Resources */ = {
			isa = PBXResourcesBuildPhase;
			buildActionMask = 2147483647;
			files = (
				014995751FB4A52B00077866 /* BPZTViewController.xib in Resources */,
				01EC5F181FA9A5C400838BE2 /* launch_6p.jpg in Resources */,
				01EC5F191FA9A5C400838BE2 /* launch_5.jpg in Resources */,
				01EC5F1B1FA9A5C400838BE2 /* launch_4.jpg in Resources */,
				0149957A1FB4A53300077866 /* BPSYViewController.xib in Resources */,
				0149955B1FB4A48C00077866 /* BPXRZViewController.xib in Resources */,
				01733FDD1FA974FB006192F0 /* LaunchScreen.storyboard in Resources */,
				01EC5F1A1FA9A5C400838BE2 /* launch_desktop.jpg in Resources */,
				01733FDA1FA974FB006192F0 /* Assets.xcassets in Resources */,
				01EC5F1C1FA9A5C400838BE2 /* launch_6.jpg in Resources */,
				01733FD81FA974FB006192F0 /* Main.storyboard in Resources */,
			);
			runOnlyForDeploymentPostprocessing = 0;
		};
		01733FE31FA974FC006192F0 /* Resources */ = {
			isa = PBXResourcesBuildPhase;
			buildActionMask = 2147483647;
			files = (
			);
			runOnlyForDeploymentPostprocessing = 0;
		};
		01733FEE1FA974FC006192F0 /* Resources */ = {
			isa = PBXResourcesBuildPhase;
			buildActionMask = 2147483647;
			files = (
			);
			runOnlyForDeploymentPostprocessing = 0;
		};
/* End PBXResourcesBuildPhase section */

/* Begin PBXShellScriptBuildPhase section */
		22E3344C09EA3A81CA65D34C /* [CP] Check Pods Manifest.lock */ = {
			isa = PBXShellScriptBuildPhase;
			buildActionMask = 2147483647;
			files = (
			);
			inputPaths = (
				"${PODS_PODFILE_DIR_PATH}/Podfile.lock",
				"${PODS_ROOT}/Manifest.lock",
			);
			name = "[CP] Check Pods Manifest.lock";
			outputPaths = (
				"$(DERIVED_FILE_DIR)/Pods-BaseProject-checkManifestLockResult.txt",
			);
			runOnlyForDeploymentPostprocessing = 0;
			shellPath = /bin/sh;
			shellScript = "diff \"${PODS_PODFILE_DIR_PATH}/Podfile.lock\" \"${PODS_ROOT}/Manifest.lock\" > /dev/null\nif [ $? != 0 ] ; then\n    # print error to STDERR\n    echo \"error: The sandbox is not in sync with the Podfile.lock. Run 'pod install' or update your CocoaPods installation.\" >&2\n    exit 1\nfi\n# This output is used by Xcode 'outputs' to avoid re-running this script phase.\necho \"SUCCESS\" > \"${SCRIPT_OUTPUT_FILE_0}\"\n";
			showEnvVarsInLog = 0;
		};
		6F8B5FC571A634C2D0714D22 /* [CP] Copy Pods Resources */ = {
			isa = PBXShellScriptBuildPhase;
			buildActionMask = 2147483647;
			files = (
			);
			inputPaths = (
				"${SRCROOT}/Pods/Target Support Files/Pods-BaseProject/Pods-BaseProject-resources.sh",
				"${PODS_ROOT}/MJRefresh/MJRefresh/MJRefresh.bundle",
			);
			name = "[CP] Copy Pods Resources";
			outputPaths = (
				"${TARGET_BUILD_DIR}/${UNLOCALIZED_RESOURCES_FOLDER_PATH}",
			);
			runOnlyForDeploymentPostprocessing = 0;
			shellPath = /bin/sh;
			shellScript = "\"${SRCROOT}/Pods/Target Support Files/Pods-BaseProject/Pods-BaseProject-resources.sh\"\n";
			showEnvVarsInLog = 0;
		};
		72C69931371E50AE78C943BE /* [CP] Embed Pods Frameworks */ = {
			isa = PBXShellScriptBuildPhase;
			buildActionMask = 2147483647;
			files = (
			);
			inputPaths = (
			);
			name = "[CP] Embed Pods Frameworks";
			outputPaths = (
			);
			runOnlyForDeploymentPostprocessing = 0;
			shellPath = /bin/sh;
			shellScript = "\"${SRCROOT}/Pods/Target Support Files/Pods-BaseProject/Pods-BaseProject-frameworks.sh\"\n";
			showEnvVarsInLog = 0;
		};
/* End PBXShellScriptBuildPhase section */

/* Begin PBXSourcesBuildPhase section */
		01733FC91FA974FB006192F0 /* Sources */ = {
			isa = PBXSourcesBuildPhase;
			buildActionMask = 2147483647;
			files = (
				014995301FB4945700077866 /* BaseModel.m in Sources */,
				0149953D1FB4A3F900077866 /* BPRootNavigationController.m in Sources */,
				0149955C1FB4A48C00077866 /* BPXRZViewController.m in Sources */,
				0149955F1FB4A49500077866 /* BPMasterCatalogueModel.m in Sources */,
				014995741FB4A52B00077866 /* BPZTViewController.m in Sources */,
				0173401D1FA9753F006192F0 /* BPBaseNavigationController.m in Sources */,
				0149953A1FB4A3D600077866 /* BPRootTabBarController.m in Sources */,
				014995331FB494D800077866 /* BPBaseTableView.m in Sources */,
				01733FE01FA974FB006192F0 /* main.m in Sources */,
				01232D1D1FB2DFEA00F431EC /* NSNumber+BPDecimalNumber.m in Sources */,
				014995791FB4A53300077866 /* BPSYViewController.m in Sources */,
				0173401F1FA9753F006192F0 /* BPBaseTabBarController.m in Sources */,
				014995C01FB4A5F500077866 /* BPNaviAnimaViewController.m in Sources */,
				0173401C1FA9753F006192F0 /* BPAppDelegate.m in Sources */,
				01EC5F251FA9AAB100838BE2 /* KSCGUtilities.m in Sources */,
				01ADC1F61FB492C1009150F0 /* BPBaseTableViewCell.m in Sources */,
				01ADC1F91FB492D8009150F0 /* BPBaseTableViewController.m in Sources */,
				0173401E1FA9753F006192F0 /* BPBaseViewController.m in Sources */,
				01232D241FB3ED0B00F431EC /* UIView+BPScreenshot.m in Sources */,
			);
			runOnlyForDeploymentPostprocessing = 0;
		};
		01733FE11FA974FC006192F0 /* Sources */ = {
			isa = PBXSourcesBuildPhase;
			buildActionMask = 2147483647;
			files = (
				01733FEA1FA974FC006192F0 /* BaseProjectTests.m in Sources */,
			);
			runOnlyForDeploymentPostprocessing = 0;
		};
		01733FEC1FA974FC006192F0 /* Sources */ = {
			isa = PBXSourcesBuildPhase;
			buildActionMask = 2147483647;
			files = (
				01733FF51FA974FC006192F0 /* BaseProjectUITests.m in Sources */,
			);
			runOnlyForDeploymentPostprocessing = 0;
		};
/* End PBXSourcesBuildPhase section */

/* Begin PBXTargetDependency section */
		01733FE71FA974FC006192F0 /* PBXTargetDependency */ = {
			isa = PBXTargetDependency;
			target = 01733FCC1FA974FB006192F0 /* BaseProject */;
			targetProxy = 01733FE61FA974FC006192F0 /* PBXContainerItemProxy */;
		};
		01733FF21FA974FC006192F0 /* PBXTargetDependency */ = {
			isa = PBXTargetDependency;
			target = 01733FCC1FA974FB006192F0 /* BaseProject */;
			targetProxy = 01733FF11FA974FC006192F0 /* PBXContainerItemProxy */;
		};
/* End PBXTargetDependency section */

/* Begin PBXVariantGroup section */
		01733FD61FA974FB006192F0 /* Main.storyboard */ = {
			isa = PBXVariantGroup;
			children = (
				01733FD71FA974FB006192F0 /* Base */,
			);
			name = Main.storyboard;
			sourceTree = "<group>";
		};
		01733FDB1FA974FB006192F0 /* LaunchScreen.storyboard */ = {
			isa = PBXVariantGroup;
			children = (
				01733FDC1FA974FB006192F0 /* Base */,
			);
			name = LaunchScreen.storyboard;
			sourceTree = "<group>";
		};
/* End PBXVariantGroup section */

/* Begin XCBuildConfiguration section */
		01733FF71FA974FC006192F0 /* Debug */ = {
			isa = XCBuildConfiguration;
			buildSettings = {
				ALWAYS_SEARCH_USER_PATHS = NO;
				CLANG_ANALYZER_NONNULL = YES;
				CLANG_ANALYZER_NUMBER_OBJECT_CONVERSION = YES_AGGRESSIVE;
				CLANG_CXX_LANGUAGE_STANDARD = "gnu++14";
				CLANG_CXX_LIBRARY = "libc++";
				CLANG_ENABLE_MODULES = YES;
				CLANG_ENABLE_OBJC_ARC = YES;
				CLANG_WARN_BLOCK_CAPTURE_AUTORELEASING = YES;
				CLANG_WARN_BOOL_CONVERSION = YES;
				CLANG_WARN_COMMA = YES;
				CLANG_WARN_CONSTANT_CONVERSION = YES;
				CLANG_WARN_DIRECT_OBJC_ISA_USAGE = YES_ERROR;
				CLANG_WARN_DOCUMENTATION_COMMENTS = YES;
				CLANG_WARN_EMPTY_BODY = YES;
				CLANG_WARN_ENUM_CONVERSION = YES;
				CLANG_WARN_INFINITE_RECURSION = YES;
				CLANG_WARN_INT_CONVERSION = YES;
				CLANG_WARN_NON_LITERAL_NULL_CONVERSION = YES;
				CLANG_WARN_OBJC_LITERAL_CONVERSION = YES;
				CLANG_WARN_OBJC_ROOT_CLASS = YES_ERROR;
				CLANG_WARN_RANGE_LOOP_ANALYSIS = YES;
				CLANG_WARN_STRICT_PROTOTYPES = YES;
				CLANG_WARN_SUSPICIOUS_MOVE = YES;
				CLANG_WARN_UNGUARDED_AVAILABILITY = YES_AGGRESSIVE;
				CLANG_WARN_UNREACHABLE_CODE = YES;
				CLANG_WARN__DUPLICATE_METHOD_MATCH = YES;
				CODE_SIGN_IDENTITY = "iPhone Developer";
				COPY_PHASE_STRIP = NO;
				DEBUG_INFORMATION_FORMAT = dwarf;
				ENABLE_STRICT_OBJC_MSGSEND = YES;
				ENABLE_TESTABILITY = YES;
				GCC_C_LANGUAGE_STANDARD = gnu11;
				GCC_DYNAMIC_NO_PIC = NO;
				GCC_NO_COMMON_BLOCKS = YES;
				GCC_OPTIMIZATION_LEVEL = 0;
				GCC_PREPROCESSOR_DEFINITIONS = (
					"DEBUG=1",
					"$(inherited)",
				);
				GCC_WARN_64_TO_32_BIT_CONVERSION = YES;
				GCC_WARN_ABOUT_RETURN_TYPE = YES_ERROR;
				GCC_WARN_UNDECLARED_SELECTOR = YES;
				GCC_WARN_UNINITIALIZED_AUTOS = YES_AGGRESSIVE;
				GCC_WARN_UNUSED_FUNCTION = YES;
				GCC_WARN_UNUSED_VARIABLE = YES;
				IPHONEOS_DEPLOYMENT_TARGET = 11.0;
				MTL_ENABLE_DEBUG_INFO = YES;
				ONLY_ACTIVE_ARCH = YES;
				SDKROOT = iphoneos;
			};
			name = Debug;
		};
		01733FF81FA974FC006192F0 /* Release */ = {
			isa = XCBuildConfiguration;
			buildSettings = {
				ALWAYS_SEARCH_USER_PATHS = NO;
				CLANG_ANALYZER_NONNULL = YES;
				CLANG_ANALYZER_NUMBER_OBJECT_CONVERSION = YES_AGGRESSIVE;
				CLANG_CXX_LANGUAGE_STANDARD = "gnu++14";
				CLANG_CXX_LIBRARY = "libc++";
				CLANG_ENABLE_MODULES = YES;
				CLANG_ENABLE_OBJC_ARC = YES;
				CLANG_WARN_BLOCK_CAPTURE_AUTORELEASING = YES;
				CLANG_WARN_BOOL_CONVERSION = YES;
				CLANG_WARN_COMMA = YES;
				CLANG_WARN_CONSTANT_CONVERSION = YES;
				CLANG_WARN_DIRECT_OBJC_ISA_USAGE = YES_ERROR;
				CLANG_WARN_DOCUMENTATION_COMMENTS = YES;
				CLANG_WARN_EMPTY_BODY = YES;
				CLANG_WARN_ENUM_CONVERSION = YES;
				CLANG_WARN_INFINITE_RECURSION = YES;
				CLANG_WARN_INT_CONVERSION = YES;
				CLANG_WARN_NON_LITERAL_NULL_CONVERSION = YES;
				CLANG_WARN_OBJC_LITERAL_CONVERSION = YES;
				CLANG_WARN_OBJC_ROOT_CLASS = YES_ERROR;
				CLANG_WARN_RANGE_LOOP_ANALYSIS = YES;
				CLANG_WARN_STRICT_PROTOTYPES = YES;
				CLANG_WARN_SUSPICIOUS_MOVE = YES;
				CLANG_WARN_UNGUARDED_AVAILABILITY = YES_AGGRESSIVE;
				CLANG_WARN_UNREACHABLE_CODE = YES;
				CLANG_WARN__DUPLICATE_METHOD_MATCH = YES;
				CODE_SIGN_IDENTITY = "iPhone Developer";
				COPY_PHASE_STRIP = NO;
				DEBUG_INFORMATION_FORMAT = "dwarf-with-dsym";
				ENABLE_NS_ASSERTIONS = NO;
				ENABLE_STRICT_OBJC_MSGSEND = YES;
				GCC_C_LANGUAGE_STANDARD = gnu11;
				GCC_NO_COMMON_BLOCKS = YES;
				GCC_WARN_64_TO_32_BIT_CONVERSION = YES;
				GCC_WARN_ABOUT_RETURN_TYPE = YES_ERROR;
				GCC_WARN_UNDECLARED_SELECTOR = YES;
				GCC_WARN_UNINITIALIZED_AUTOS = YES_AGGRESSIVE;
				GCC_WARN_UNUSED_FUNCTION = YES;
				GCC_WARN_UNUSED_VARIABLE = YES;
				IPHONEOS_DEPLOYMENT_TARGET = 11.0;
				MTL_ENABLE_DEBUG_INFO = NO;
				SDKROOT = iphoneos;
				VALIDATE_PRODUCT = YES;
			};
			name = Release;
		};
		01733FFA1FA974FC006192F0 /* Debug */ = {
			isa = XCBuildConfiguration;
			baseConfigurationReference = 193772C00264BDAF63ADB7B3 /* Pods-BaseProject.debug.xcconfig */;
			buildSettings = {
				ASSETCATALOG_COMPILER_APPICON_NAME = AppIcon;
				ASSETCATALOG_COMPILER_LAUNCHIMAGE_NAME = LaunchImage;
				CODE_SIGN_STYLE = Automatic;
				DEVELOPMENT_TEAM = 599FJK8FBV;
				GCC_INCREASE_PRECOMPILED_HEADER_SHARING = NO;
				GCC_PREFIX_HEADER = "$(SRCROOT)/BaseProject/BaseProject-Prefix.pch";
				INFOPLIST_FILE = BaseProject/Info.plist;
				IPHONEOS_DEPLOYMENT_TARGET = 8.0;
				LD_RUNPATH_SEARCH_PATHS = "$(inherited) @executable_path/Frameworks";
				PRODUCT_BUNDLE_IDENTIFIER = com.cactus.BaseProject;
				PRODUCT_NAME = "$(TARGET_NAME)";
				TARGETED_DEVICE_FAMILY = "1,2";
			};
			name = Debug;
		};
		01733FFB1FA974FC006192F0 /* Release */ = {
			isa = XCBuildConfiguration;
			baseConfigurationReference = 7D3E14031FDCFBD3612C5E10 /* Pods-BaseProject.release.xcconfig */;
			buildSettings = {
				ASSETCATALOG_COMPILER_APPICON_NAME = AppIcon;
				ASSETCATALOG_COMPILER_LAUNCHIMAGE_NAME = LaunchImage;
				CODE_SIGN_STYLE = Automatic;
				DEVELOPMENT_TEAM = 599FJK8FBV;
				GCC_INCREASE_PRECOMPILED_HEADER_SHARING = NO;
				GCC_PREFIX_HEADER = "$(SRCROOT)/BaseProject/BaseProject-Prefix.pch";
				INFOPLIST_FILE = BaseProject/Info.plist;
				IPHONEOS_DEPLOYMENT_TARGET = 8.0;
				LD_RUNPATH_SEARCH_PATHS = "$(inherited) @executable_path/Frameworks";
				PRODUCT_BUNDLE_IDENTIFIER = com.cactus.BaseProject;
				PRODUCT_NAME = "$(TARGET_NAME)";
				TARGETED_DEVICE_FAMILY = "1,2";
			};
			name = Release;
		};
		01733FFD1FA974FC006192F0 /* Debug */ = {
			isa = XCBuildConfiguration;
			buildSettings = {
				BUNDLE_LOADER = "$(TEST_HOST)";
				CODE_SIGN_STYLE = Automatic;
				DEVELOPMENT_TEAM = 599FJK8FBV;
				INFOPLIST_FILE = BaseProjectTests/Info.plist;
				LD_RUNPATH_SEARCH_PATHS = "$(inherited) @executable_path/Frameworks @loader_path/Frameworks";
				PRODUCT_BUNDLE_IDENTIFIER = com.cactus.BaseProjectTests;
				PRODUCT_NAME = "$(TARGET_NAME)";
				TARGETED_DEVICE_FAMILY = "1,2";
				TEST_HOST = "$(BUILT_PRODUCTS_DIR)/BaseProject.app/BaseProject";
			};
			name = Debug;
		};
		01733FFE1FA974FC006192F0 /* Release */ = {
			isa = XCBuildConfiguration;
			buildSettings = {
				BUNDLE_LOADER = "$(TEST_HOST)";
				CODE_SIGN_STYLE = Automatic;
				DEVELOPMENT_TEAM = 599FJK8FBV;
				INFOPLIST_FILE = BaseProjectTests/Info.plist;
				LD_RUNPATH_SEARCH_PATHS = "$(inherited) @executable_path/Frameworks @loader_path/Frameworks";
				PRODUCT_BUNDLE_IDENTIFIER = com.cactus.BaseProjectTests;
				PRODUCT_NAME = "$(TARGET_NAME)";
				TARGETED_DEVICE_FAMILY = "1,2";
				TEST_HOST = "$(BUILT_PRODUCTS_DIR)/BaseProject.app/BaseProject";
			};
			name = Release;
		};
		017340001FA974FC006192F0 /* Debug */ = {
			isa = XCBuildConfiguration;
			buildSettings = {
				CODE_SIGN_STYLE = Automatic;
				DEVELOPMENT_TEAM = 599FJK8FBV;
				INFOPLIST_FILE = BaseProjectUITests/Info.plist;
				LD_RUNPATH_SEARCH_PATHS = "$(inherited) @executable_path/Frameworks @loader_path/Frameworks";
				PRODUCT_BUNDLE_IDENTIFIER = com.cactus.BaseProjectUITests;
				PRODUCT_NAME = "$(TARGET_NAME)";
				TARGETED_DEVICE_FAMILY = "1,2";
				TEST_TARGET_NAME = BaseProject;
			};
			name = Debug;
		};
		017340011FA974FC006192F0 /* Release */ = {
			isa = XCBuildConfiguration;
			buildSettings = {
				CODE_SIGN_STYLE = Automatic;
				DEVELOPMENT_TEAM = 599FJK8FBV;
				INFOPLIST_FILE = BaseProjectUITests/Info.plist;
				LD_RUNPATH_SEARCH_PATHS = "$(inherited) @executable_path/Frameworks @loader_path/Frameworks";
				PRODUCT_BUNDLE_IDENTIFIER = com.cactus.BaseProjectUITests;
				PRODUCT_NAME = "$(TARGET_NAME)";
				TARGETED_DEVICE_FAMILY = "1,2";
				TEST_TARGET_NAME = BaseProject;
			};
			name = Release;
		};
/* End XCBuildConfiguration section */

/* Begin XCConfigurationList section */
		01733FC81FA974FB006192F0 /* Build configuration list for PBXProject "BaseProject" */ = {
			isa = XCConfigurationList;
			buildConfigurations = (
				01733FF71FA974FC006192F0 /* Debug */,
				01733FF81FA974FC006192F0 /* Release */,
			);
			defaultConfigurationIsVisible = 0;
			defaultConfigurationName = Release;
		};
		01733FF91FA974FC006192F0 /* Build configuration list for PBXNativeTarget "BaseProject" */ = {
			isa = XCConfigurationList;
			buildConfigurations = (
				01733FFA1FA974FC006192F0 /* Debug */,
				01733FFB1FA974FC006192F0 /* Release */,
			);
			defaultConfigurationIsVisible = 0;
			defaultConfigurationName = Release;
		};
		01733FFC1FA974FC006192F0 /* Build configuration list for PBXNativeTarget "BaseProjectTests" */ = {
			isa = XCConfigurationList;
			buildConfigurations = (
				01733FFD1FA974FC006192F0 /* Debug */,
				01733FFE1FA974FC006192F0 /* Release */,
			);
			defaultConfigurationIsVisible = 0;
			defaultConfigurationName = Release;
		};
		01733FFF1FA974FC006192F0 /* Build configuration list for PBXNativeTarget "BaseProjectUITests" */ = {
			isa = XCConfigurationList;
			buildConfigurations = (
				017340001FA974FC006192F0 /* Debug */,
				017340011FA974FC006192F0 /* Release */,
			);
			defaultConfigurationIsVisible = 0;
			defaultConfigurationName = Release;
		};
/* End XCConfigurationList section */
	};
	rootObject = 01733FC51FA974FB006192F0 /* Project object */;
}
